
Microsoft Visual Studio Solution File, Format Version 12.00
# Visual Studio Version 17
VisualStudioVersion = 17.5.002.0
MinimumVisualStudioVersion = 10.0.40219.1
Project("{9A19103F-16F7-4668-BE54-9A1E7A4F7556}") = "SignalRConsoleServer", "SignalRConsoleServer.csproj", "{4F8687DA-61DC-432F-BBCD-AF338A92BDB3}"
EndProject
Global
	GlobalSection(SolutionConfigurationPlatforms) = preSolution
		Debug|Any CPU = Debug|Any CPU
		Release|Any CPU = Release|Any CPU
	EndGlobalSection
	GlobalSection(ProjectConfigurationPlatforms) = postSolution
		{4F8687DA-61DC-432F-BBCD-AF338A92BDB3}.Debug|Any CPU.ActiveCfg = Debug|Any CPU
		{4F8687DA-61DC-432F-BBCD-AF338A92BDB3}.Debug|Any CPU.Build.0 = Debug|Any CPU
		{4F8687DA-61DC-432F-BBCD-AF338A92BDB3}.Release|Any CPU.ActiveCfg = Release|Any CPU
		{4F8687DA-61DC-432F-BBCD-AF338A92BDB3}.Release|Any CPU.Build.0 = Release|Any CPU
	EndGlobalSection
	GlobalSection(SolutionProperties) = preSolution
		HideSolutionNode = FALSE
	EndGlobalSection
	GlobalSection(ExtensibilityGlobals) = postSolution
		SolutionGuid = {5ED78ADE-6DCE-4E37-A28C-ECF9A9C6FA4E}
	EndGlobalSection
EndGlobal
